
Microsoft Visual Studio Solution File, Format Version 12.00
# Visual Studio Version 17
VisualStudioVersion = 17.11.35312.102
MinimumVisualStudioVersion = 10.0.40219.1
Project("{FAE04EC0-301F-11D3-BF4B-00C04F79EFBC}") = "Prueba_Wiliams", "Prueba_Wiliams\Prueba_Wiliams.csproj", "{015800C4-B741-406C-8149-F57F13EC2065}"
EndProject
Global
	GlobalSection(SolutionConfigurationPlatforms) = preSolution
		Debug|Any CPU = Debug|Any CPU
		Release|Any CPU = Release|Any CPU
	EndGlobalSection
	GlobalSection(ProjectConfigurationPlatforms) = postSolution
		{015800C4-B741-406C-8149-F57F13EC2065}.Debug|Any CPU.ActiveCfg = Debug|Any CPU
		{015800C4-B741-406C-8149-F57F13EC2065}.Debug|Any CPU.Build.0 = Debug|Any CPU
		{015800C4-B741-406C-8149-F57F13EC2065}.Release|Any CPU.ActiveCfg = Release|Any CPU
		{015800C4-B741-406C-8149-F57F13EC2065}.Release|Any CPU.Build.0 = Release|Any CPU
	EndGlobalSection
	GlobalSection(SolutionProperties) = preSolution
		HideSolutionNode = FALSE
	EndGlobalSection
	GlobalSection(ExtensibilityGlobals) = postSolution
		SolutionGuid = {34A86FE3-AEFD-4B6B-9DFE-8B25988AC45E}
	EndGlobalSection
EndGlobal
